// !$*UTF8*$!
{
	archiveVersion = 1;
	classes = {
	};
	objectVersion = 50;
	objects = {

/* Begin PBXBuildFile section */
		D41AE80C23028434007281F1 /* AppDelegate.swift in Sources */ = {isa = PBXBuildFile; fileRef = D41AE80B23028434007281F1 /* AppDelegate.swift */; };
		D41AE80E23028434007281F1 /* ViewController.swift in Sources */ = {isa = PBXBuildFile; fileRef = D41AE80D23028434007281F1 /* ViewController.swift */; };
		D41AE81123028435007281F1 /* Main.storyboard in Resources */ = {isa = PBXBuildFile; fileRef = D41AE80F23028435007281F1 /* Main.storyboard */; };
		D41AE81323028435007281F1 /* Assets.xcassets in Resources */ = {isa = PBXBuildFile; fileRef = D41AE81223028435007281F1 /* Assets.xcassets */; };
		D41AE81623028435007281F1 /* LaunchScreen.storyboard in Resources */ = {isa = PBXBuildFile; fileRef = D41AE81423028435007281F1 /* LaunchScreen.storyboard */; };
		D41AE82123028435007281F1 /* NetworkingTests.swift in Sources */ = {isa = PBXBuildFile; fileRef = D41AE82023028435007281F1 /* NetworkingTests.swift */; };
		D41AE82C23028435007281F1 /* NetworkingUITests.swift in Sources */ = {isa = PBXBuildFile; fileRef = D41AE82B23028435007281F1 /* NetworkingUITests.swift */; };
/* End PBXBuildFile section */

/* Begin PBXContainerItemProxy section */
		D41AE81D23028435007281F1 /* PBXContainerItemProxy */ = {
			isa = PBXContainerItemProxy;
			containerPortal = D41AE80023028434007281F1 /* Project object */;
			proxyType = 1;
			remoteGlobalIDString = D41AE80723028434007281F1;
			remoteInfo = Networking;
		};
		D41AE82823028435007281F1 /* PBXContainerItemProxy */ = {
			isa = PBXContainerItemProxy;
			containerPortal = D41AE80023028434007281F1 /* Project object */;
			proxyType = 1;
			remoteGlobalIDString = D41AE80723028434007281F1;
			remoteInfo = Networking;
		};
/* End PBXContainerItemProxy section */

/* Begin PBXFileReference section */
		D41AE80823028434007281F1 /* Networking.app */ = {isa = PBXFileReference; explicitFileType = wrapper.application; includeInIndex = 0; path = Networking.app; sourceTree = BUILT_PRODUCTS_DIR; };
		D41AE80B23028434007281F1 /* AppDelegate.swift */ = {isa = PBXFileReference; lastKnownFileType = sourcecode.swift; path = AppDelegate.swift; sourceTree = "<group>"; };
		D41AE80D23028434007281F1 /* ViewController.swift */ = {isa = PBXFileReference; lastKnownFileType = sourcecode.swift; path = ViewController.swift; sourceTree = "<group>"; };
		D41AE81023028435007281F1 /* Base */ = {isa = PBXFileReference; lastKnownFileType = file.storyboard; name = Base; path = Base.lproj/Main.storyboard; sourceTree = "<group>"; };
		D41AE81223028435007281F1 /* Assets.xcassets */ = {isa = PBXFileReference; lastKnownFileType = folder.assetcatalog; path = Assets.xcassets; sourceTree = "<group>"; };
		D41AE81523028435007281F1 /* Base */ = {isa = PBXFileReference; lastKnownFileType = file.storyboard; name = Base; path = Base.lproj/LaunchScreen.storyboard; sourceTree = "<group>"; };
		D41AE81723028435007281F1 /* Info.plist */ = {isa = PBXFileReference; lastKnownFileType = text.plist.xml; path = Info.plist; sourceTree = "<group>"; };
		D41AE81C23028435007281F1 /* NetworkingTests.xctest */ = {isa = PBXFileReference; explicitFileType = wrapper.cfbundle; includeInIndex = 0; path = NetworkingTests.xctest; sourceTree = BUILT_PRODUCTS_DIR; };
		D41AE82023028435007281F1 /* NetworkingTests.swift */ = {isa = PBXFileReference; lastKnownFileType = sourcecode.swift; path = NetworkingTests.swift; sourceTree = "<group>"; };
		D41AE82223028435007281F1 /* Info.plist */ = {isa = PBXFileReference; lastKnownFileType = text.plist.xml; path = Info.plist; sourceTree = "<group>"; };
		D41AE82723028435007281F1 /* NetworkingUITests.xctest */ = {isa = PBXFileReference; explicitFileType = wrapper.cfbundle; includeInIndex = 0; path = NetworkingUITests.xctest; sourceTree = BUILT_PRODUCTS_DIR; };
		D41AE82B23028435007281F1 /* NetworkingUITests.swift */ = {isa = PBXFileReference; lastKnownFileType = sourcecode.swift; path = NetworkingUITests.swift; sourceTree = "<group>"; };
		D41AE82D23028435007281F1 /* Info.plist */ = {isa = PBXFileReference; lastKnownFileType = text.plist.xml; path = Info.plist; sourceTree = "<group>"; };
/* End PBXFileReference section */

/* Begin PBXFrameworksBuildPhase section */
		D41AE80523028434007281F1 /* Frameworks */ = {
			isa = PBXFrameworksBuildPhase;
			buildActionMask = 2147483647;
			files = (
			);
			runOnlyForDeploymentPostprocessing = 0;
		};
		D41AE81923028435007281F1 /* Frameworks */ = {
			isa = PBXFrameworksBuildPhase;
			buildActionMask = 2147483647;
			files = (
			);
			runOnlyForDeploymentPostprocessing = 0;
		};
		D41AE82423028435007281F1 /* Frameworks */ = {
			isa = PBXFrameworksBuildPhase;
			buildActionMask = 2147483647;
			files = (
			);
			runOnlyForDeploymentPostprocessing = 0;
		};
/* End PBXFrameworksBuildPhase section */

/* Begin PBXGroup section */
		D41AE7FF23028434007281F1 = {
			isa = PBXGroup;
			children = (
				D41AE80A23028434007281F1 /* Networking */,
				D41AE81F23028435007281F1 /* NetworkingTests */,
				D41AE82A23028435007281F1 /* NetworkingUITests */,
				D41AE80923028434007281F1 /* Products */,
			);
			sourceTree = "<group>";
		};
		D41AE80923028434007281F1 /* Products */ = {
			isa = PBXGroup;
			children = (
				D41AE80823028434007281F1 /* Networking.app */,
				D41AE81C23028435007281F1 /* NetworkingTests.xctest */,
				D41AE82723028435007281F1 /* NetworkingUITests.xctest */,
			);
			name = Products;
			sourceTree = "<group>";
		};
		D41AE80A23028434007281F1 /* Networking */ = {
			isa = PBXGroup;
			children = (
				D41AE80B23028434007281F1 /* AppDelegate.swift */,
				D41AE80D23028434007281F1 /* ViewController.swift */,
				D41AE80F23028435007281F1 /* Main.storyboard */,
				D41AE81223028435007281F1 /* Assets.xcassets */,
				D41AE81423028435007281F1 /* LaunchScreen.storyboard */,
				D41AE81723028435007281F1 /* Info.plist */,
			);
			path = Networking;
			sourceTree = "<group>";
		};
		D41AE81F23028435007281F1 /* NetworkingTests */ = {
			isa = PBXGroup;
			children = (
				D41AE82023028435007281F1 /* NetworkingTests.swift */,
				D41AE82223028435007281F1 /* Info.plist */,
			);
			path = NetworkingTests;
			sourceTree = "<group>";
		};
		D41AE82A23028435007281F1 /* NetworkingUITests */ = {
			isa = PBXGroup;
			children = (
				D41AE82B23028435007281F1 /* NetworkingUITests.swift */,
				D41AE82D23028435007281F1 /* Info.plist */,
			);
			path = NetworkingUITests;
			sourceTree = "<group>";
		};
/* End PBXGroup section */

/* Begin PBXNativeTarget section */
		D41AE80723028434007281F1 /* Networking */ = {
			isa = PBXNativeTarget;
			buildConfigurationList = D41AE83023028435007281F1 /* Build configuration list for PBXNativeTarget "Networking" */;
			buildPhases = (
				D41AE80423028434007281F1 /* Sources */,
				D41AE80523028434007281F1 /* Frameworks */,
				D41AE80623028434007281F1 /* Resources */,
			);
			buildRules = (
			);
			dependencies = (
			);
			name = Networking;
			productName = Networking;
			productReference = D41AE80823028434007281F1 /* Networking.app */;
			productType = "com.apple.product-type.application";
		};
		D41AE81B23028435007281F1 /* NetworkingTests */ = {
			isa = PBXNativeTarget;
			buildConfigurationList = D41AE83323028435007281F1 /* Build configuration list for PBXNativeTarget "NetworkingTests" */;
			buildPhases = (
				D41AE81823028435007281F1 /* Sources */,
				D41AE81923028435007281F1 /* Frameworks */,
				D41AE81A23028435007281F1 /* Resources */,
			);
			buildRules = (
			);
			dependencies = (
				D41AE81E23028435007281F1 /* PBXTargetDependency */,
			);
			name = NetworkingTests;
			productName = NetworkingTests;
			productReference = D41AE81C23028435007281F1 /* NetworkingTests.xctest */;
			productType = "com.apple.product-type.bundle.unit-test";
		};
		D41AE82623028435007281F1 /* NetworkingUITests */ = {
			isa = PBXNativeTarget;
			buildConfigurationList = D41AE83623028435007281F1 /* Build configuration list for PBXNativeTarget "NetworkingUITests" */;
			buildPhases = (
				D41AE82323028435007281F1 /* Sources */,
				D41AE82423028435007281F1 /* Frameworks */,
				D41AE82523028435007281F1 /* Resources */,
			);
			buildRules = (
			);
			dependencies = (
				D41AE82923028435007281F1 /* PBXTargetDependency */,
			);
			name = NetworkingUITests;
			productName = NetworkingUITests;
			productReference = D41AE82723028435007281F1 /* NetworkingUITests.xctest */;
			productType = "com.apple.product-type.bundle.ui-testing";
		};
/* End PBXNativeTarget section */

/* Begin PBXProject section */
		D41AE80023028434007281F1 /* Project object */ = {
			isa = PBXProject;
			attributes = {
				LastSwiftUpdateCheck = 1030;
				LastUpgradeCheck = 1030;
				ORGANIZATIONNAME = "정재훈";
				TargetAttributes = {
					D41AE80723028434007281F1 = {
						CreatedOnToolsVersion = 10.3;
					};
					D41AE81B23028435007281F1 = {
						CreatedOnToolsVersion = 10.3;
						TestTargetID = D41AE80723028434007281F1;
					};
					D41AE82623028435007281F1 = {
						CreatedOnToolsVersion = 10.3;
						TestTargetID = D41AE80723028434007281F1;
					};
				};
			};
			buildConfigurationList = D41AE80323028434007281F1 /* Build configuration list for PBXProject "Networking" */;
			compatibilityVersion = "Xcode 9.3";
			developmentRegion = en;
			hasScannedForEncodings = 0;
			knownRegions = (
				en,
				Base,
			);
			mainGroup = D41AE7FF23028434007281F1;
			productRefGroup = D41AE80923028434007281F1 /* Products */;
			projectDirPath = "";
			projectRoot = "";
			targets = (
				D41AE80723028434007281F1 /* Networking */,
				D41AE81B23028435007281F1 /* NetworkingTests */,
				D41AE82623028435007281F1 /* NetworkingUITests */,
			);
		};
/* End PBXProject section */

/* Begin PBXResourcesBuildPhase section */
		D41AE80623028434007281F1 /* Resources */ = {
			isa = PBXResourcesBuildPhase;
			buildActionMask = 2147483647;
			files = (
				D41AE81623028435007281F1 /* LaunchScreen.storyboard in Resources */,
				D41AE81323028435007281F1 /* Assets.xcassets in Resources */,
				D41AE81123028435007281F1 /* Main.storyboard in Resources */,
			);
			runOnlyForDeploymentPostprocessing = 0;
		};
		D41AE81A23028435007281F1 /* Resources */ = {
			isa = PBXResourcesBuildPhase;
			buildActionMask = 2147483647;
			files = (
			);
			runOnlyForDeploymentPostprocessing = 0;
		};
		D41AE82523028435007281F1 /* Resources */ = {
			isa = PBXResourcesBuildPhase;
			buildActionMask = 2147483647;
			files = (
			);
			runOnlyForDeploymentPostprocessing = 0;
		};
/* End PBXResourcesBuildPhase section */

/* Begin PBXSourcesBuildPhase section */
		D41AE80423028434007281F1 /* Sources */ = {
			isa = PBXSourcesBuildPhase;
			buildActionMask = 2147483647;
			files = (
				D41AE80E23028434007281F1 /* ViewController.swift in Sources */,
				D41AE80C23028434007281F1 /* AppDelegate.swift in Sources */,
			);
			runOnlyForDeploymentPostprocessing = 0;
		};
		D41AE81823028435007281F1 /* Sources */ = {
			isa = PBXSourcesBuildPhase;
			buildActionMask = 2147483647;
			files = (
				D41AE82123028435007281F1 /* NetworkingTests.swift in Sources */,
			);
			runOnlyForDeploymentPostprocessing = 0;
		};
		D41AE82323028435007281F1 /* Sources */ = {
			isa = PBXSourcesBuildPhase;
			buildActionMask = 2147483647;
			files = (
				D41AE82C23028435007281F1 /* NetworkingUITests.swift in Sources */,
			);
			runOnlyForDeploymentPostprocessing = 0;
		};
/* End PBXSourcesBuildPhase section */

/* Begin PBXTargetDependency section */
		D41AE81E23028435007281F1 /* PBXTargetDependency */ = {
			isa = PBXTargetDependency;
			target = D41AE80723028434007281F1 /* Networking */;
			targetProxy = D41AE81D23028435007281F1 /* PBXContainerItemProxy */;
		};
		D41AE82923028435007281F1 /* PBXTargetDependency */ = {
			isa = PBXTargetDependency;
			target = D41AE80723028434007281F1 /* Networking */;
			targetProxy = D41AE82823028435007281F1 /* PBXContainerItemProxy */;
		};
/* End PBXTargetDependency section */

/* Begin PBXVariantGroup section */
		D41AE80F23028435007281F1 /* Main.storyboard */ = {
			isa = PBXVariantGroup;
			children = (
				D41AE81023028435007281F1 /* Base */,
			);
			name = Main.storyboard;
			sourceTree = "<group>";
		};
		D41AE81423028435007281F1 /* LaunchScreen.storyboard */ = {
			isa = PBXVariantGroup;
			children = (
				D41AE81523028435007281F1 /* Base */,
			);
			name = LaunchScreen.storyboard;
			sourceTree = "<group>";
		};
/* End PBXVariantGroup section */

/* Begin XCBuildConfiguration section */
		D41AE82E23028435007281F1 /* Debug */ = {
			isa = XCBuildConfiguration;
			buildSettings = {
				ALWAYS_SEARCH_USER_PATHS = NO;
				CLANG_ANALYZER_NONNULL = YES;
				CLANG_ANALYZER_NUMBER_OBJECT_CONVERSION = YES_AGGRESSIVE;
				CLANG_CXX_LANGUAGE_STANDARD = "gnu++14";
				CLANG_CXX_LIBRARY = "libc++";
				CLANG_ENABLE_MODULES = YES;
				CLANG_ENABLE_OBJC_ARC = YES;
				CLANG_ENABLE_OBJC_WEAK = YES;
				CLANG_WARN_BLOCK_CAPTURE_AUTORELEASING = YES;
				CLANG_WARN_BOOL_CONVERSION = YES;
				CLANG_WARN_COMMA = YES;
				CLANG_WARN_CONSTANT_CONVERSION = YES;
				CLANG_WARN_DEPRECATED_OBJC_IMPLEMENTATIONS = YES;
				CLANG_WARN_DIRECT_OBJC_ISA_USAGE = YES_ERROR;
				CLANG_WARN_DOCUMENTATION_COMMENTS = YES;
				CLANG_WARN_EMPTY_BODY = YES;
				CLANG_WARN_ENUM_CONVERSION = YES;
				CLANG_WARN_INFINITE_RECURSION = YES;
				CLANG_WARN_INT_CONVERSION = YES;
				CLANG_WARN_NON_LITERAL_NULL_CONVERSION = YES;
				CLANG_WARN_OBJC_IMPLICIT_RETAIN_SELF = YES;
				CLANG_WARN_OBJC_LITERAL_CONVERSION = YES;
				CLANG_WARN_OBJC_ROOT_CLASS = YES_ERROR;
				CLANG_WARN_RANGE_LOOP_ANALYSIS = YES;
				CLANG_WARN_STRICT_PROTOTYPES = YES;
				CLANG_WARN_SUSPICIOUS_MOVE = YES;
				CLANG_WARN_UNGUARDED_AVAILABILITY = YES_AGGRESSIVE;
				CLANG_WARN_UNREACHABLE_CODE = YES;
				CLANG_WARN__DUPLICATE_METHOD_MATCH = YES;
				CODE_SIGN_IDENTITY = "iPhone Developer";
				COPY_PHASE_STRIP = NO;
				DEBUG_INFORMATION_FORMAT = dwarf;
				ENABLE_STRICT_OBJC_MSGSEND = YES;
				ENABLE_TESTABILITY = YES;
				GCC_C_LANGUAGE_STANDARD = gnu11;
				GCC_DYNAMIC_NO_PIC = NO;
				GCC_NO_COMMON_BLOCKS = YES;
				GCC_OPTIMIZATION_LEVEL = 0;
				GCC_PREPROCESSOR_DEFINITIONS = (
					"DEBUG=1",
					"$(inherited)",
				);
				GCC_WARN_64_TO_32_BIT_CONVERSION = YES;
				GCC_WARN_ABOUT_RETURN_TYPE = YES_ERROR;
				GCC_WARN_UNDECLARED_SELECTOR = YES;
				GCC_WARN_UNINITIALIZED_AUTOS = YES_AGGRESSIVE;
				GCC_WARN_UNUSED_FUNCTION = YES;
				GCC_WARN_UNUSED_VARIABLE = YES;
				IPHONEOS_DEPLOYMENT_TARGET = 12.4;
				MTL_ENABLE_DEBUG_INFO = INCLUDE_SOURCE;
				MTL_FAST_MATH = YES;
				ONLY_ACTIVE_ARCH = YES;
				SDKROOT = iphoneos;
				SWIFT_ACTIVE_COMPILATION_CONDITIONS = DEBUG;
				SWIFT_OPTIMIZATION_LEVEL = "-Onone";
			};
			name = Debug;
		};
		D41AE82F23028435007281F1 /* Release */ = {
			isa = XCBuildConfiguration;
			buildSettings = {
				ALWAYS_SEARCH_USER_PATHS = NO;
				CLANG_ANALYZER_NONNULL = YES;
				CLANG_ANALYZER_NUMBER_OBJECT_CONVERSION = YES_AGGRESSIVE;
				CLANG_CXX_LANGUAGE_STANDARD = "gnu++14";
				CLANG_CXX_LIBRARY = "libc++";
				CLANG_ENABLE_MODULES = YES;
				CLANG_ENABLE_OBJC_ARC = YES;
				CLANG_ENABLE_OBJC_WEAK = YES;
				CLANG_WARN_BLOCK_CAPTURE_AUTORELEASING = YES;
				CLANG_WARN_BOOL_CONVERSION = YES;
				CLANG_WARN_COMMA = YES;
				CLANG_WARN_CONSTANT_CONVERSION = YES;
				CLANG_WARN_DEPRECATED_OBJC_IMPLEMENTATIONS = YES;
				CLANG_WARN_DIRECT_OBJC_ISA_USAGE = YES_ERROR;
				CLANG_WARN_DOCUMENTATION_COMMENTS = YES;
				CLANG_WARN_EMPTY_BODY = YES;
				CLANG_WARN_ENUM_CONVERSION = YES;
				CLANG_WARN_INFINITE_RECURSION = YES;
				CLANG_WARN_INT_CONVERSION = YES;
				CLANG_WARN_NON_LITERAL_NULL_CONVERSION = YES;
				CLANG_WARN_OBJC_IMPLICIT_RETAIN_SELF = YES;
				CLANG_WARN_OBJC_LITERAL_CONVERSION = YES;
				CLANG_WARN_OBJC_ROOT_CLASS = YES_ERROR;
				CLANG_WARN_RANGE_LOOP_ANALYSIS = YES;
				CLANG_WARN_STRICT_PROTOTYPES = YES;
				CLANG_WARN_SUSPICIOUS_MOVE = YES;
				CLANG_WARN_UNGUARDED_AVAILABILITY = YES_AGGRESSIVE;
				CLANG_WARN_UNREACHABLE_CODE = YES;
				CLANG_WARN__DUPLICATE_METHOD_MATCH = YES;
				CODE_SIGN_IDENTITY = "iPhone Developer";
				COPY_PHASE_STRIP = NO;
				DEBUG_INFORMATION_FORMAT = "dwarf-with-dsym";
				ENABLE_NS_ASSERTIONS = NO;
				ENABLE_STRICT_OBJC_MSGSEND = YES;
				GCC_C_LANGUAGE_STANDARD = gnu11;
				GCC_NO_COMMON_BLOCKS = YES;
				GCC_WARN_64_TO_32_BIT_CONVERSION = YES;
				GCC_WARN_ABOUT_RETURN_TYPE = YES_ERROR;
				GCC_WARN_UNDECLARED_SELECTOR = YES;
				GCC_WARN_UNINITIALIZED_AUTOS = YES_AGGRESSIVE;
				GCC_WARN_UNUSED_FUNCTION = YES;
				GCC_WARN_UNUSED_VARIABLE = YES;
				IPHONEOS_DEPLOYMENT_TARGET = 12.4;
				MTL_ENABLE_DEBUG_INFO = NO;
				MTL_FAST_MATH = YES;
				SDKROOT = iphoneos;
				SWIFT_COMPILATION_MODE = wholemodule;
				SWIFT_OPTIMIZATION_LEVEL = "-O";
				VALIDATE_PRODUCT = YES;
			};
			name = Release;
		};
		D41AE83123028435007281F1 /* Debug */ = {
			isa = XCBuildConfiguration;
			buildSettings = {
				ASSETCATALOG_COMPILER_APPICON_NAME = AppIcon;
				CODE_SIGN_STYLE = Automatic;
				INFOPLIST_FILE = Networking/Info.plist;
				LD_RUNPATH_SEARCH_PATHS = (
					"$(inherited)",
					"@executable_path/Frameworks",
				);
				PRODUCT_BUNDLE_IDENTIFIER = com.example.Networking;
				PRODUCT_NAME = "$(TARGET_NAME)";
				SWIFT_VERSION = 5.0;
				TARGETED_DEVICE_FAMILY = "1,2";
			};
			name = Debug;
		};
		D41AE83223028435007281F1 /* Release */ = {
			isa = XCBuildConfiguration;
			buildSettings = {
				ASSETCATALOG_COMPILER_APPICON_NAME = AppIcon;
				CODE_SIGN_STYLE = Automatic;
				INFOPLIST_FILE = Networking/Info.plist;
				LD_RUNPATH_SEARCH_PATHS = (
					"$(inherited)",
					"@executable_path/Frameworks",
				);
				PRODUCT_BUNDLE_IDENTIFIER = com.example.Networking;
				PRODUCT_NAME = "$(TARGET_NAME)";
				SWIFT_VERSION = 5.0;
				TARGETED_DEVICE_FAMILY = "1,2";
			};
			name = Release;
		};
		D41AE83423028435007281F1 /* Debug */ = {
			isa = XCBuildConfiguration;
			buildSettings = {
				ALWAYS_EMBED_SWIFT_STANDARD_LIBRARIES = YES;
				BUNDLE_LOADER = "$(TEST_HOST)";
				CODE_SIGN_STYLE = Automatic;
				INFOPLIST_FILE = NetworkingTests/Info.plist;
				LD_RUNPATH_SEARCH_PATHS = (
					"$(inherited)",
					"@executable_path/Frameworks",
					"@loader_path/Frameworks",
				);
				PRODUCT_BUNDLE_IDENTIFIER = com.example.NetworkingTests;
				PRODUCT_NAME = "$(TARGET_NAME)";
				SWIFT_VERSION = 5.0;
				TARGETED_DEVICE_FAMILY = "1,2";
				TEST_HOST = "$(BUILT_PRODUCTS_DIR)/Networking.app/Networking";
			};
			name = Debug;
		};
		D41AE83523028435007281F1 /* Release */ = {
			isa = XCBuildConfiguration;
			buildSettings = {
				ALWAYS_EMBED_SWIFT_STANDARD_LIBRARIES = YES;
				BUNDLE_LOADER = "$(TEST_HOST)";
				CODE_SIGN_STYLE = Automatic;
				INFOPLIST_FILE = NetworkingTests/Info.plist;
				LD_RUNPATH_SEARCH_PATHS = (
					"$(inherited)",
					"@executable_path/Frameworks",
					"@loader_path/Frameworks",
				);
				PRODUCT_BUNDLE_IDENTIFIER = com.example.NetworkingTests;
				PRODUCT_NAME = "$(TARGET_NAME)";
				SWIFT_VERSION = 5.0;
				TARGETED_DEVICE_FAMILY = "1,2";
				TEST_HOST = "$(BUILT_PRODUCTS_DIR)/Networking.app/Networking";
			};
			name = Release;
		};
		D41AE83723028435007281F1 /* Debug */ = {
			isa = XCBuildConfiguration;
			buildSettings = {
				ALWAYS_EMBED_SWIFT_STANDARD_LIBRARIES = YES;
				CODE_SIGN_STYLE = Automatic;
				INFOPLIST_FILE = NetworkingUITests/Info.plist;
				LD_RUNPATH_SEARCH_PATHS = (
					"$(inherited)",
					"@executable_path/Frameworks",
					"@loader_path/Frameworks",
				);
				PRODUCT_BUNDLE_IDENTIFIER = com.example.NetworkingUITests;
				PRODUCT_NAME = "$(TARGET_NAME)";
				SWIFT_VERSION = 5.0;
				TARGETED_DEVICE_FAMILY = "1,2";
				TEST_TARGET_NAME = Networking;
			};
			name = Debug;
		};
		D41AE83823028435007281F1 /* Release */ = {
			isa = XCBuildConfiguration;
			buildSettings = {
				ALWAYS_EMBED_SWIFT_STANDARD_LIBRARIES = YES;
				CODE_SIGN_STYLE = Automatic;
				INFOPLIST_FILE = NetworkingUITests/Info.plist;
				LD_RUNPATH_SEARCH_PATHS = (
					"$(inherited)",
					"@executable_path/Frameworks",
					"@loader_path/Frameworks",
				);
				PRODUCT_BUNDLE_IDENTIFIER = com.example.NetworkingUITests;
				PRODUCT_NAME = "$(TARGET_NAME)";
				SWIFT_VERSION = 5.0;
				TARGETED_DEVICE_FAMILY = "1,2";
				TEST_TARGET_NAME = Networking;
			};
			name = Release;
		};
/* End XCBuildConfiguration section */

/* Begin XCConfigurationList section */
		D41AE80323028434007281F1 /* Build configuration list for PBXProject "Networking" */ = {
			isa = XCConfigurationList;
			buildConfigurations = (
				D41AE82E23028435007281F1 /* Debug */,
				D41AE82F23028435007281F1 /* Release */,
			);
			defaultConfigurationIsVisible = 0;
			defaultConfigurationName = Release;
		};
		D41AE83023028435007281F1 /* Build configuration list for PBXNativeTarget "Networking" */ = {
			isa = XCConfigurationList;
			buildConfigurations = (
				D41AE83123028435007281F1 /* Debug */,
				D41AE83223028435007281F1 /* Release */,
			);
			defaultConfigurationIsVisible = 0;
			defaultConfigurationName = Release;
		};
		D41AE83323028435007281F1 /* Build configuration list for PBXNativeTarget "NetworkingTests" */ = {
			isa = XCConfigurationList;
			buildConfigurations = (
				D41AE83423028435007281F1 /* Debug */,
				D41AE83523028435007281F1 /* Release */,
			);
			defaultConfigurationIsVisible = 0;
			defaultConfigurationName = Release;
		};
		D41AE83623028435007281F1 /* Build configuration list for PBXNativeTarget "NetworkingUITests" */ = {
			isa = XCConfigurationList;
			buildConfigurations = (
				D41AE83723028435007281F1 /* Debug */,
				D41AE83823028435007281F1 /* Release */,
			);
			defaultConfigurationIsVisible = 0;
			defaultConfigurationName = Release;
		};
/* End XCConfigurationList section */
	};
	rootObject = D41AE80023028434007281F1 /* Project object */;
}
